
Microsoft Visual Studio Solution File, Format Version 12.00
# Visual Studio Version 16
VisualStudioVersion = 16.0.31424.327
MinimumVisualStudioVersion = 10.0.40219.1
Project("{FAE04EC0-301F-11D3-BF4B-00C04F79EFBC}") = "AjaxKisiler", "AjaxKisiler\AjaxKisiler.csproj", "{CE25EDF5-4737-4969-BC5E-342078AA5623}"
EndProject
Global
	GlobalSection(SolutionConfigurationPlatforms) = preSolution
		Debug|Any CPU = Debug|Any CPU
		Release|Any CPU = Release|Any CPU
	EndGlobalSection
	GlobalSection(ProjectConfigurationPlatforms) = postSolution
		{CE25EDF5-4737-4969-BC5E-342078AA5623}.Debug|Any CPU.ActiveCfg = Debug|Any CPU
		{CE25EDF5-4737-4969-BC5E-342078AA5623}.Debug|Any CPU.Build.0 = Debug|Any CPU
		{CE25EDF5-4737-4969-BC5E-342078AA5623}.Release|Any CPU.ActiveCfg = Release|Any CPU
		{CE25EDF5-4737-4969-BC5E-342078AA5623}.Release|Any CPU.Build.0 = Release|Any CPU
	EndGlobalSection
	GlobalSection(SolutionProperties) = preSolution
		HideSolutionNode = FALSE
	EndGlobalSection
	GlobalSection(ExtensibilityGlobals) = postSolution
		SolutionGuid = {7596D9F3-2B10-4C22-A7DA-9A448B0D55A3}
	EndGlobalSection
EndGlobal
